
Microsoft Visual Studio Solution File, Format Version 12.00
# Visual Studio Version 18
VisualStudioVersion = 18.0.11205.157
MinimumVisualStudioVersion = 10.0.40219.1
Project("{FAE04EC0-301F-11D3-BF4B-00C04F79EFBC}") = "Breizh360.Api", "Breizh360.Api\Breizh360.Api.csproj", "{44444444-4444-4444-4444-444444444444}"
EndProject
Project("{FAE04EC0-301F-11D3-BF4B-00C04F79EFBC}") = "Breizh360.Gateway", "Breizh360.Gateway\Breizh360.Gateway.csproj", "{55555555-5555-5555-5555-555555555555}"
EndProject
Project("{FAE04EC0-301F-11D3-BF4B-00C04F79EFBC}") = "Breizh360.Data", "Breizh360.Data\Breizh360.Data.csproj", "{B4B111DB-A35D-4791-808D-34B0536B358C}"
EndProject
Project("{FAE04EC0-301F-11D3-BF4B-00C04F79EFBC}") = "Breizh360.Metier", "Breizh360.Metier\Breizh360.Metier.csproj", "{336D43AB-3776-4D7B-8BDC-A73072B6D287}"
EndProject
Project("{FAE04EC0-301F-11D3-BF4B-00C04F79EFBC}") = "Breizh360.Domaine", "Breizh360.Domaine\Breizh360.Domaine.csproj", "{D414C2B4-DE78-4CC7-8689-2C9DA16AEB7C}"
EndProject
Project("{FAE04EC0-301F-11D3-BF4B-00C04F79EFBC}") = "Breizh360.UI", "Breizh360.UI\Breizh360.UI.csproj", "{C133DF2E-C97D-4C6E-B36D-2A7C805658D2}"
EndProject
Project("{2150E333-8FDC-42A3-9474-1A3956D46DE8}") = "Docs & Suivi", "Docs & Suivi", "{7D3B0D2C-1C0E-4B1B-9A4F-8E4B3B2F7E1A}"
	ProjectSection(SolutionItems) = preProject
		01_PROMPT_ResponsableSolution.txt = 01_PROMPT_ResponsableSolution.txt
		Docs\decisions\ADR-0001-template.md = Docs\decisions\ADR-0001-template.md
		Docs\feature_notif_b2b.md = Docs\feature_notif_b2b.md
		Docs\feature_usr_b2b.md = Docs\feature_usr_b2b.md
		Docs\initiatives.md = Docs\initiatives.md
		Docs\interfaces_index.md = Docs\interfaces_index.md
		Docs\onboarding.md = Docs\onboarding.md
		README.md = README.md
		Docs\decisions\README.md = Docs\decisions\README.md
		Docs\requests.md = Docs\requests.md
		Docs\risks.md = Docs\risks.md
		Docs\rules.md = Docs\rules.md
	EndProjectSection
EndProject
Project("{FAE04EC0-301F-11D3-BF4B-00C04F79EFBC}") = "Breizh360.Tests", "Breizh360.Tests\Breizh360.Tests.csproj", "{AC6E75B5-D036-E801-C2A1-4CC6B9C1821C}"
EndProject
Global
	GlobalSection(SolutionConfigurationPlatforms) = preSolution
		Debug|Any CPU = Debug|Any CPU
		Release|Any CPU = Release|Any CPU
	EndGlobalSection
	GlobalSection(ProjectConfigurationPlatforms) = postSolution
		{44444444-4444-4444-4444-444444444444}.Debug|Any CPU.ActiveCfg = Debug|Any CPU
		{44444444-4444-4444-4444-444444444444}.Debug|Any CPU.Build.0 = Debug|Any CPU
		{44444444-4444-4444-4444-444444444444}.Release|Any CPU.ActiveCfg = Release|Any CPU
		{44444444-4444-4444-4444-444444444444}.Release|Any CPU.Build.0 = Release|Any CPU
		{55555555-5555-5555-5555-555555555555}.Debug|Any CPU.ActiveCfg = Debug|Any CPU
		{55555555-5555-5555-5555-555555555555}.Debug|Any CPU.Build.0 = Debug|Any CPU
		{55555555-5555-5555-5555-555555555555}.Release|Any CPU.ActiveCfg = Release|Any CPU
		{55555555-5555-5555-5555-555555555555}.Release|Any CPU.Build.0 = Release|Any CPU
		{B4B111DB-A35D-4791-808D-34B0536B358C}.Debug|Any CPU.ActiveCfg = Debug|Any CPU
		{B4B111DB-A35D-4791-808D-34B0536B358C}.Debug|Any CPU.Build.0 = Debug|Any CPU
		{B4B111DB-A35D-4791-808D-34B0536B358C}.Release|Any CPU.ActiveCfg = Release|Any CPU
		{B4B111DB-A35D-4791-808D-34B0536B358C}.Release|Any CPU.Build.0 = Release|Any CPU
		{336D43AB-3776-4D7B-8BDC-A73072B6D287}.Debug|Any CPU.ActiveCfg = Debug|Any CPU
		{336D43AB-3776-4D7B-8BDC-A73072B6D287}.Debug|Any CPU.Build.0 = Debug|Any CPU
		{336D43AB-3776-4D7B-8BDC-A73072B6D287}.Release|Any CPU.ActiveCfg = Release|Any CPU
		{336D43AB-3776-4D7B-8BDC-A73072B6D287}.Release|Any CPU.Build.0 = Release|Any CPU
		{D414C2B4-DE78-4CC7-8689-2C9DA16AEB7C}.Debug|Any CPU.ActiveCfg = Debug|Any CPU
		{D414C2B4-DE78-4CC7-8689-2C9DA16AEB7C}.Debug|Any CPU.Build.0 = Debug|Any CPU
		{D414C2B4-DE78-4CC7-8689-2C9DA16AEB7C}.Release|Any CPU.ActiveCfg = Release|Any CPU
		{D414C2B4-DE78-4CC7-8689-2C9DA16AEB7C}.Release|Any CPU.Build.0 = Release|Any CPU
		{C133DF2E-C97D-4C6E-B36D-2A7C805658D2}.Debug|Any CPU.ActiveCfg = Debug|Any CPU
		{C133DF2E-C97D-4C6E-B36D-2A7C805658D2}.Debug|Any CPU.Build.0 = Debug|Any CPU
		{C133DF2E-C97D-4C6E-B36D-2A7C805658D2}.Release|Any CPU.ActiveCfg = Release|Any CPU
		{C133DF2E-C97D-4C6E-B36D-2A7C805658D2}.Release|Any CPU.Build.0 = Release|Any CPU
		{AC6E75B5-D036-E801-C2A1-4CC6B9C1821C}.Debug|Any CPU.ActiveCfg = Debug|Any CPU
		{AC6E75B5-D036-E801-C2A1-4CC6B9C1821C}.Debug|Any CPU.Build.0 = Debug|Any CPU
		{AC6E75B5-D036-E801-C2A1-4CC6B9C1821C}.Release|Any CPU.ActiveCfg = Release|Any CPU
		{AC6E75B5-D036-E801-C2A1-4CC6B9C1821C}.Release|Any CPU.Build.0 = Release|Any CPU
	EndGlobalSection
	GlobalSection(SolutionProperties) = preSolution
		HideSolutionNode = FALSE
	EndGlobalSection
	GlobalSection(ExtensibilityGlobals) = postSolution
		SolutionGuid = {B97E0931-70CD-4EB1-A278-714D655F9DF4}
	EndGlobalSection
EndGlobal
